
Microsoft Visual Studio Solution File, Format Version 12.00
# Visual Studio 2012
Project("{FAE04EC0-301F-11D3-BF4B-00C04F79EFBC}") = "PushNotifications", "PushNotifications\PushNotifications.csproj", "{B2D6C370-BF7B-4056-9229-2A4A15D3091D}"
EndProject
Project("{FAE04EC0-301F-11D3-BF4B-00C04F79EFBC}") = "PushNotifications.Droid", "Droid\PushNotifications.Droid.csproj", "{7DB81069-6A21-474A-A5EE-153A897FB987}"
EndProject
Global
	GlobalSection(SolutionConfigurationPlatforms) = preSolution
		Debug|Any CPU = Debug|Any CPU
		Release|Any CPU = Release|Any CPU
	EndGlobalSection
	GlobalSection(ProjectConfigurationPlatforms) = postSolution
		{B2D6C370-BF7B-4056-9229-2A4A15D3091D}.Debug|Any CPU.ActiveCfg = Debug|Any CPU
		{B2D6C370-BF7B-4056-9229-2A4A15D3091D}.Debug|Any CPU.Build.0 = Debug|Any CPU
		{B2D6C370-BF7B-4056-9229-2A4A15D3091D}.Release|Any CPU.ActiveCfg = Release|Any CPU
		{B2D6C370-BF7B-4056-9229-2A4A15D3091D}.Release|Any CPU.Build.0 = Release|Any CPU
		{7DB81069-6A21-474A-A5EE-153A897FB987}.Debug|Any CPU.ActiveCfg = Debug|Any CPU
		{7DB81069-6A21-474A-A5EE-153A897FB987}.Debug|Any CPU.Build.0 = Debug|Any CPU
		{7DB81069-6A21-474A-A5EE-153A897FB987}.Release|Any CPU.ActiveCfg = Release|Any CPU
		{7DB81069-6A21-474A-A5EE-153A897FB987}.Release|Any CPU.Build.0 = Release|Any CPU
	EndGlobalSection
EndGlobal
